github.com/advanced-go/common v0.0.0-20241025164522-ddf93f45af1c h1:5rHge6BwXLLQ/63X086f/QznAcWBHxBeJ8MWxJ9rCYM=
github.com/advanced-go/common v0.0.0-20241025164522-ddf93f45af1c/go.mod h1:ZO9q9c1GB9gQOeuWiAk0fT7pH8nfmNarGHi/Qu4LP/Q=
github.com/advanced-go/customer v0.0.0-20241026122456-d0dcbb7eeae5 h1:WrpLgkCJDqi1Z5wmxp70YSxeIIcp+vDpAVGREedEuIM=
github.com/advanced-go/customer v0.0.0-20241026122456-d0dcbb7eeae5/go.mod h1:GWkLf948QpNmyUwWHoAaHuIdBT604UeD2cpB/Tfki/o=
github.com/google/uuid v1.6.0 h1:NIvaJDMOsjHA8n1jAhLSgzrAzy1Hgr+hNrb57e+94F0=
github.com/google/uuid v1.6.0/go.mod h1:TIyPZe4MgqvfeYDBFedMoGGpEw/LqOeaOT+nhxU+yHo=
